{
  "name": "ajs_-2",
  "version": "1.0.0",
  "lockfileVersion": 2,
  "requires": true,
  "packages": {
    "": {
      "name": "ajs_-2",
      "version": "1.0.0",
      "license": "ISC",
      "dependencies": {
        "@al101010/ajs_": "^1.0.0"
      }
    },
    "node_modules/@al101010/ajs_": {
      "version": "1.0.0",
      "resolved": "https://npm.pkg.github.com/download/@al101010/ajs_/1.0.0/e3620e11189364579e8bd82fa1713008ca75e72b",
      "integrity": "sha512-aN6BGMRTc89/8SIKR+2TfJ+7yBMUkKSHijC6sFioXwufiWtIrS2W9cZw8gz7sJ7cC3Dv9fA+SLWXh17vLJP3ng==",
      "license": "ISC"
    }
  },
  "dependencies": {
    "@al101010/ajs_": {
      "version": "1.0.0",
      "resolved": "https://npm.pkg.github.com/download/@al101010/ajs_/1.0.0/e3620e11189364579e8bd82fa1713008ca75e72b",
      "integrity": "sha512-aN6BGMRTc89/8SIKR+2TfJ+7yBMUkKSHijC6sFioXwufiWtIrS2W9cZw8gz7sJ7cC3Dv9fA+SLWXh17vLJP3ng=="
    }
  }
}
